// !$*UTF8*$!
{
	archiveVersion = 1;
	classes = {
	};
	objectVersion = 60;
	objects = {

/* Begin PBXBuildFile section */
		98331EB12B90D449002D430F /* RegisterView.swift in Sources */ = {isa = PBXBuildFile; fileRef = 98331EB02B90D449002D430F /* RegisterView.swift */; };
		985DD9482B8FBA7200559CE8 /* RegisterViewModel.swift in Sources */ = {isa = PBXBuildFile; fileRef = 985DD9472B8FBA7200559CE8 /* RegisterViewModel.swift */; };
		985DD94A2B8FBA8200559CE8 /* RegisterViewController.swift in Sources */ = {isa = PBXBuildFile; fileRef = 985DD9492B8FBA8200559CE8 /* RegisterViewController.swift */; };
		985DD94D2B8FC3FA00559CE8 /* LoginView.swift in Sources */ = {isa = PBXBuildFile; fileRef = 985DD94C2B8FC3FA00559CE8 /* LoginView.swift */; };
		985DD94F2B8FC53F00559CE8 /* LoginViewController.swift in Sources */ = {isa = PBXBuildFile; fileRef = 985DD94E2B8FC53F00559CE8 /* LoginViewController.swift */; };
		985DD9512B8FC54B00559CE8 /* LoginViewModel.swift in Sources */ = {isa = PBXBuildFile; fileRef = 985DD9502B8FC54B00559CE8 /* LoginViewModel.swift */; };
		986968D82B86649F00831E42 /* IntroViewModel.swift in Sources */ = {isa = PBXBuildFile; fileRef = 986968D72B86649F00831E42 /* IntroViewModel.swift */; };
		986968DA2B8664B100831E42 /* IntroViewController.swift in Sources */ = {isa = PBXBuildFile; fileRef = 986968D92B8664B100831E42 /* IntroViewController.swift */; };
		986968DF2B86659600831E42 /* IntroCellModel.swift in Sources */ = {isa = PBXBuildFile; fileRef = 986968DE2B86659600831E42 /* IntroCellModel.swift */; };
		986968E12B8665AD00831E42 /* IntroCell.swift in Sources */ = {isa = PBXBuildFile; fileRef = 986968E02B8665AD00831E42 /* IntroCell.swift */; };
		986968E42B8666B600831E42 /* ReusableView.swift in Sources */ = {isa = PBXBuildFile; fileRef = 986968E32B8666B600831E42 /* ReusableView.swift */; };
		986968E62B866D2700831E42 /* Localizable+Extensions.swift in Sources */ = {isa = PBXBuildFile; fileRef = 986968E52B866D2700831E42 /* Localizable+Extensions.swift */; };
		987D9F612B83CACD007BE11B /* AppDelegate.swift in Sources */ = {isa = PBXBuildFile; fileRef = 987D9F602B83CACD007BE11B /* AppDelegate.swift */; };
		987D9F6A2B83CACF007BE11B /* Assets.xcassets in Resources */ = {isa = PBXBuildFile; fileRef = 987D9F692B83CACF007BE11B /* Assets.xcassets */; };
		987D9F6D2B83CACF007BE11B /* LaunchScreen.storyboard in Resources */ = {isa = PBXBuildFile; fileRef = 987D9F6B2B83CACF007BE11B /* LaunchScreen.storyboard */; };
		987D9F7D2B83D63A007BE11B /* Images.xcassets in Resources */ = {isa = PBXBuildFile; fileRef = 987D9F7C2B83D63A007BE11B /* Images.xcassets */; };
		987D9F7F2B83D641007BE11B /* Icons.xcassets in Resources */ = {isa = PBXBuildFile; fileRef = 987D9F7E2B83D641007BE11B /* Icons.xcassets */; };
		987D9F872B83D70E007BE11B /* BaseViewModel.swift in Sources */ = {isa = PBXBuildFile; fileRef = 987D9F862B83D70E007BE11B /* BaseViewModel.swift */; };
		987D9F892B83D7E9007BE11B /* BaseViewController.swift in Sources */ = {isa = PBXBuildFile; fileRef = 987D9F882B83D7E9007BE11B /* BaseViewController.swift */; };
		987D9F8B2B83D8C8007BE11B /* MainNavigationController.swift in Sources */ = {isa = PBXBuildFile; fileRef = 987D9F8A2B83D8C8007BE11B /* MainNavigationController.swift */; };
		987D9F8D2B83DA16007BE11B /* Colors.xcassets in Resources */ = {isa = PBXBuildFile; fileRef = 987D9F8C2B83DA16007BE11B /* Colors.xcassets */; };
		987D9F8F2B83E41C007BE11B /* Localizable.strings in Resources */ = {isa = PBXBuildFile; fileRef = 987D9F8E2B83E41C007BE11B /* Localizable.strings */; };
		987D9F922B83F60F007BE11B /* TinyConstraints in Frameworks */ = {isa = PBXBuildFile; productRef = 987D9F912B83F60F007BE11B /* TinyConstraints */; };
		987D9F942B83F701007BE11B /* UIImage+Extensions.swift in Sources */ = {isa = PBXBuildFile; fileRef = 987D9F932B83F701007BE11B /* UIImage+Extensions.swift */; };
		987D9F972B83F70F007BE11B /* Kingfisher in Frameworks */ = {isa = PBXBuildFile; productRef = 987D9F962B83F70F007BE11B /* Kingfisher */; };
		988580B72B9659DC0018B6FE /* MainViewController.swift in Sources */ = {isa = PBXBuildFile; fileRef = 988580B62B9659DC0018B6FE /* MainViewController.swift */; };
		988580B92B965D550018B6FE /* GoogleService-Info.plist in Resources */ = {isa = PBXBuildFile; fileRef = 988580B82B965D550018B6FE /* GoogleService-Info.plist */; };
		988580BC2B965E160018B6FE /* FirebaseAnalytics in Frameworks */ = {isa = PBXBuildFile; productRef = 988580BB2B965E160018B6FE /* FirebaseAnalytics */; };
		988580BE2B965E160018B6FE /* FirebaseAnalyticsOnDeviceConversion in Frameworks */ = {isa = PBXBuildFile; productRef = 988580BD2B965E160018B6FE /* FirebaseAnalyticsOnDeviceConversion */; };
		988580C02B965E160018B6FE /* FirebaseAnalyticsSwift in Frameworks */ = {isa = PBXBuildFile; productRef = 988580BF2B965E160018B6FE /* FirebaseAnalyticsSwift */; };
		988580C22B965E160018B6FE /* FirebaseAnalyticsWithoutAdIdSupport in Frameworks */ = {isa = PBXBuildFile; productRef = 988580C12B965E160018B6FE /* FirebaseAnalyticsWithoutAdIdSupport */; };
		988580C42B965E160018B6FE /* FirebaseAppCheck in Frameworks */ = {isa = PBXBuildFile; productRef = 988580C32B965E160018B6FE /* FirebaseAppCheck */; };
		988580C62B965E160018B6FE /* FirebaseAppDistribution-Beta in Frameworks */ = {isa = PBXBuildFile; productRef = 988580C52B965E160018B6FE /* FirebaseAppDistribution-Beta */; };
		988580C82B965E160018B6FE /* FirebaseAuth in Frameworks */ = {isa = PBXBuildFile; productRef = 988580C72B965E160018B6FE /* FirebaseAuth */; };
		988580CA2B965E160018B6FE /* FirebaseAuthCombine-Community in Frameworks */ = {isa = PBXBuildFile; productRef = 988580C92B965E160018B6FE /* FirebaseAuthCombine-Community */; };
		988580CC2B965E160018B6FE /* FirebaseCrashlytics in Frameworks */ = {isa = PBXBuildFile; productRef = 988580CB2B965E160018B6FE /* FirebaseCrashlytics */; };
		988580CE2B965E160018B6FE /* FirebaseDatabase in Frameworks */ = {isa = PBXBuildFile; productRef = 988580CD2B965E160018B6FE /* FirebaseDatabase */; };
		988580D02B965E160018B6FE /* FirebaseDatabaseSwift in Frameworks */ = {isa = PBXBuildFile; productRef = 988580CF2B965E160018B6FE /* FirebaseDatabaseSwift */; };
		988580D22B965E160018B6FE /* FirebaseDynamicLinks in Frameworks */ = {isa = PBXBuildFile; productRef = 988580D12B965E160018B6FE /* FirebaseDynamicLinks */; };
		988580D42B965E160018B6FE /* FirebaseFirestore in Frameworks */ = {isa = PBXBuildFile; productRef = 988580D32B965E160018B6FE /* FirebaseFirestore */; };
		988580D62B965E160018B6FE /* FirebaseFirestoreCombine-Community in Frameworks */ = {isa = PBXBuildFile; productRef = 988580D52B965E160018B6FE /* FirebaseFirestoreCombine-Community */; };
		988580D82B965E160018B6FE /* FirebaseFirestoreSwift in Frameworks */ = {isa = PBXBuildFile; productRef = 988580D72B965E160018B6FE /* FirebaseFirestoreSwift */; };
		988580DA2B965E160018B6FE /* FirebaseFunctions in Frameworks */ = {isa = PBXBuildFile; productRef = 988580D92B965E160018B6FE /* FirebaseFunctions */; };
		988580DC2B965E160018B6FE /* FirebaseFunctionsCombine-Community in Frameworks */ = {isa = PBXBuildFile; productRef = 988580DB2B965E160018B6FE /* FirebaseFunctionsCombine-Community */; };
		988580DE2B965E160018B6FE /* FirebaseInAppMessaging-Beta in Frameworks */ = {isa = PBXBuildFile; productRef = 988580DD2B965E160018B6FE /* FirebaseInAppMessaging-Beta */; };
		988580E02B965E160018B6FE /* FirebaseInAppMessagingSwift-Beta in Frameworks */ = {isa = PBXBuildFile; productRef = 988580DF2B965E160018B6FE /* FirebaseInAppMessagingSwift-Beta */; };
		988580E22B965E160018B6FE /* FirebaseInstallations in Frameworks */ = {isa = PBXBuildFile; productRef = 988580E12B965E160018B6FE /* FirebaseInstallations */; };
		988580E42B965E160018B6FE /* FirebaseMLModelDownloader in Frameworks */ = {isa = PBXBuildFile; productRef = 988580E32B965E160018B6FE /* FirebaseMLModelDownloader */; };
		988580E62B965E160018B6FE /* FirebaseMessaging in Frameworks */ = {isa = PBXBuildFile; productRef = 988580E52B965E160018B6FE /* FirebaseMessaging */; };
		988580E82B965E160018B6FE /* FirebasePerformance in Frameworks */ = {isa = PBXBuildFile; productRef = 988580E72B965E160018B6FE /* FirebasePerformance */; };
		988580EA2B965E160018B6FE /* FirebaseRemoteConfig in Frameworks */ = {isa = PBXBuildFile; productRef = 988580E92B965E160018B6FE /* FirebaseRemoteConfig */; };
		988580EC2B965E160018B6FE /* FirebaseRemoteConfigSwift in Frameworks */ = {isa = PBXBuildFile; productRef = 988580EB2B965E160018B6FE /* FirebaseRemoteConfigSwift */; };
		988580EE2B965E160018B6FE /* FirebaseStorage in Frameworks */ = {isa = PBXBuildFile; productRef = 988580ED2B965E160018B6FE /* FirebaseStorage */; };
		988580F02B965E160018B6FE /* FirebaseStorageCombine-Community in Frameworks */ = {isa = PBXBuildFile; productRef = 988580EF2B965E160018B6FE /* FirebaseStorageCombine-Community */; };
		988580F32B965FD70018B6FE /* GoogleSignIn in Frameworks */ = {isa = PBXBuildFile; productRef = 988580F22B965FD70018B6FE /* GoogleSignIn */; };
		988580F52B965FD70018B6FE /* GoogleSignInSwift in Frameworks */ = {isa = PBXBuildFile; productRef = 988580F42B965FD70018B6FE /* GoogleSignInSwift */; };
		98D34E612B964DFF00ACCBA6 /* AlertManager.swift in Sources */ = {isa = PBXBuildFile; fileRef = 98D34E602B964DFF00ACCBA6 /* AlertManager.swift */; };
/* End PBXBuildFile section */

/* Begin PBXFileReference section */
		98331EB02B90D449002D430F /* RegisterView.swift */ = {isa = PBXFileReference; lastKnownFileType = sourcecode.swift; path = RegisterView.swift; sourceTree = "<group>"; };
		985DD9472B8FBA7200559CE8 /* RegisterViewModel.swift */ = {isa = PBXFileReference; lastKnownFileType = sourcecode.swift; path = RegisterViewModel.swift; sourceTree = "<group>"; };
		985DD9492B8FBA8200559CE8 /* RegisterViewController.swift */ = {isa = PBXFileReference; lastKnownFileType = sourcecode.swift; path = RegisterViewController.swift; sourceTree = "<group>"; };
		985DD94C2B8FC3FA00559CE8 /* LoginView.swift */ = {isa = PBXFileReference; lastKnownFileType = sourcecode.swift; path = LoginView.swift; sourceTree = "<group>"; };
		985DD94E2B8FC53F00559CE8 /* LoginViewController.swift */ = {isa = PBXFileReference; lastKnownFileType = sourcecode.swift; path = LoginViewController.swift; sourceTree = "<group>"; };
		985DD9502B8FC54B00559CE8 /* LoginViewModel.swift */ = {isa = PBXFileReference; lastKnownFileType = sourcecode.swift; path = LoginViewModel.swift; sourceTree = "<group>"; };
		986968D72B86649F00831E42 /* IntroViewModel.swift */ = {isa = PBXFileReference; lastKnownFileType = sourcecode.swift; path = IntroViewModel.swift; sourceTree = "<group>"; };
		986968D92B8664B100831E42 /* IntroViewController.swift */ = {isa = PBXFileReference; lastKnownFileType = sourcecode.swift; path = IntroViewController.swift; sourceTree = "<group>"; };
		986968DE2B86659600831E42 /* IntroCellModel.swift */ = {isa = PBXFileReference; lastKnownFileType = sourcecode.swift; path = IntroCellModel.swift; sourceTree = "<group>"; };
		986968E02B8665AD00831E42 /* IntroCell.swift */ = {isa = PBXFileReference; lastKnownFileType = sourcecode.swift; path = IntroCell.swift; sourceTree = "<group>"; };
		986968E32B8666B600831E42 /* ReusableView.swift */ = {isa = PBXFileReference; lastKnownFileType = sourcecode.swift; path = ReusableView.swift; sourceTree = "<group>"; };
		986968E52B866D2700831E42 /* Localizable+Extensions.swift */ = {isa = PBXFileReference; lastKnownFileType = sourcecode.swift; path = "Localizable+Extensions.swift"; sourceTree = "<group>"; };
		987D9F5D2B83CACD007BE11B /* PlantClassification.app */ = {isa = PBXFileReference; explicitFileType = wrapper.application; includeInIndex = 0; path = PlantClassification.app; sourceTree = BUILT_PRODUCTS_DIR; };
		987D9F602B83CACD007BE11B /* AppDelegate.swift */ = {isa = PBXFileReference; lastKnownFileType = sourcecode.swift; path = AppDelegate.swift; sourceTree = "<group>"; };
		987D9F692B83CACF007BE11B /* Assets.xcassets */ = {isa = PBXFileReference; lastKnownFileType = folder.assetcatalog; path = Assets.xcassets; sourceTree = "<group>"; };
		987D9F6C2B83CACF007BE11B /* Base */ = {isa = PBXFileReference; lastKnownFileType = file.storyboard; name = Base; path = Base.lproj/LaunchScreen.storyboard; sourceTree = "<group>"; };
		987D9F6E2B83CACF007BE11B /* Info.plist */ = {isa = PBXFileReference; lastKnownFileType = text.plist.xml; path = Info.plist; sourceTree = "<group>"; };
		987D9F7C2B83D63A007BE11B /* Images.xcassets */ = {isa = PBXFileReference; lastKnownFileType = folder.assetcatalog; path = Images.xcassets; sourceTree = "<group>"; };
		987D9F7E2B83D641007BE11B /* Icons.xcassets */ = {isa = PBXFileReference; lastKnownFileType = folder.assetcatalog; path = Icons.xcassets; sourceTree = "<group>"; };
		987D9F862B83D70E007BE11B /* BaseViewModel.swift */ = {isa = PBXFileReference; lastKnownFileType = sourcecode.swift; path = BaseViewModel.swift; sourceTree = "<group>"; };
		987D9F882B83D7E9007BE11B /* BaseViewController.swift */ = {isa = PBXFileReference; lastKnownFileType = sourcecode.swift; path = BaseViewController.swift; sourceTree = "<group>"; };
		987D9F8A2B83D8C8007BE11B /* MainNavigationController.swift */ = {isa = PBXFileReference; lastKnownFileType = sourcecode.swift; path = MainNavigationController.swift; sourceTree = "<group>"; };
		987D9F8C2B83DA16007BE11B /* Colors.xcassets */ = {isa = PBXFileReference; lastKnownFileType = folder.assetcatalog; path = Colors.xcassets; sourceTree = "<group>"; };
		987D9F8E2B83E41C007BE11B /* Localizable.strings */ = {isa = PBXFileReference; lastKnownFileType = text.plist.strings; path = Localizable.strings; sourceTree = "<group>"; };
		987D9F932B83F701007BE11B /* UIImage+Extensions.swift */ = {isa = PBXFileReference; lastKnownFileType = sourcecode.swift; path = "UIImage+Extensions.swift"; sourceTree = "<group>"; };
		988580B62B9659DC0018B6FE /* MainViewController.swift */ = {isa = PBXFileReference; lastKnownFileType = sourcecode.swift; path = MainViewController.swift; sourceTree = "<group>"; };
		988580B82B965D550018B6FE /* GoogleService-Info.plist */ = {isa = PBXFileReference; fileEncoding = 4; lastKnownFileType = text.plist.xml; path = "GoogleService-Info.plist"; sourceTree = "<group>"; };
		98D34E602B964DFF00ACCBA6 /* AlertManager.swift */ = {isa = PBXFileReference; lastKnownFileType = sourcecode.swift; path = AlertManager.swift; sourceTree = "<group>"; };
/* End PBXFileReference section */

/* Begin PBXFrameworksBuildPhase section */
		987D9F5A2B83CACD007BE11B /* Frameworks */ = {
			isa = PBXFrameworksBuildPhase;
			buildActionMask = 2147483647;
			files = (
				988580E62B965E160018B6FE /* FirebaseMessaging in Frameworks */,
				987D9F972B83F70F007BE11B /* Kingfisher in Frameworks */,
				988580D82B965E160018B6FE /* FirebaseFirestoreSwift in Frameworks */,
				988580C22B965E160018B6FE /* FirebaseAnalyticsWithoutAdIdSupport in Frameworks */,
				988580DA2B965E160018B6FE /* FirebaseFunctions in Frameworks */,
				988580F32B965FD70018B6FE /* GoogleSignIn in Frameworks */,
				987D9F922B83F60F007BE11B /* TinyConstraints in Frameworks */,
				988580BC2B965E160018B6FE /* FirebaseAnalytics in Frameworks */,
				988580C82B965E160018B6FE /* FirebaseAuth in Frameworks */,
				988580D22B965E160018B6FE /* FirebaseDynamicLinks in Frameworks */,
				988580CC2B965E160018B6FE /* FirebaseCrashlytics in Frameworks */,
				988580E42B965E160018B6FE /* FirebaseMLModelDownloader in Frameworks */,
				988580D02B965E160018B6FE /* FirebaseDatabaseSwift in Frameworks */,
				988580D42B965E160018B6FE /* FirebaseFirestore in Frameworks */,
				988580E22B965E160018B6FE /* FirebaseInstallations in Frameworks */,
				988580DC2B965E160018B6FE /* FirebaseFunctionsCombine-Community in Frameworks */,
				988580D62B965E160018B6FE /* FirebaseFirestoreCombine-Community in Frameworks */,
				988580CE2B965E160018B6FE /* FirebaseDatabase in Frameworks */,
				988580E82B965E160018B6FE /* FirebasePerformance in Frameworks */,
				988580C42B965E160018B6FE /* FirebaseAppCheck in Frameworks */,
				988580BE2B965E160018B6FE /* FirebaseAnalyticsOnDeviceConversion in Frameworks */,
				988580E02B965E160018B6FE /* FirebaseInAppMessagingSwift-Beta in Frameworks */,
				988580EC2B965E160018B6FE /* FirebaseRemoteConfigSwift in Frameworks */,
				988580F52B965FD70018B6FE /* GoogleSignInSwift in Frameworks */,
				988580C02B965E160018B6FE /* FirebaseAnalyticsSwift in Frameworks */,
				988580C62B965E160018B6FE /* FirebaseAppDistribution-Beta in Frameworks */,
				988580EA2B965E160018B6FE /* FirebaseRemoteConfig in Frameworks */,
				988580EE2B965E160018B6FE /* FirebaseStorage in Frameworks */,
				988580CA2B965E160018B6FE /* FirebaseAuthCombine-Community in Frameworks */,
				988580F02B965E160018B6FE /* FirebaseStorageCombine-Community in Frameworks */,
				988580DE2B965E160018B6FE /* FirebaseInAppMessaging-Beta in Frameworks */,
			);
			runOnlyForDeploymentPostprocessing = 0;
		};
/* End PBXFrameworksBuildPhase section */

/* Begin PBXGroup section */
		98331EAF2B90D3DE002D430F /* Register */ = {
			isa = PBXGroup;
			children = (
				98331EB02B90D449002D430F /* RegisterView.swift */,
			);
			path = Register;
			sourceTree = "<group>";
		};
		985DD9402B8FB8B100559CE8 /* Auth */ = {
			isa = PBXGroup;
			children = (
				985DD9412B8FB8EF00559CE8 /* Login */,
				985DD9422B8FB8F800559CE8 /* Register */,
			);
			path = Auth;
			sourceTree = "<group>";
		};
		985DD9412B8FB8EF00559CE8 /* Login */ = {
			isa = PBXGroup;
			children = (
				985DD9502B8FC54B00559CE8 /* LoginViewModel.swift */,
				985DD94E2B8FC53F00559CE8 /* LoginViewController.swift */,
			);
			path = Login;
			sourceTree = "<group>";
		};
		985DD9422B8FB8F800559CE8 /* Register */ = {
			isa = PBXGroup;
			children = (
				985DD9472B8FBA7200559CE8 /* RegisterViewModel.swift */,
				985DD9492B8FBA8200559CE8 /* RegisterViewController.swift */,
			);
			path = Register;
			sourceTree = "<group>";
		};
		985DD94B2B8FBF5400559CE8 /* Login */ = {
			isa = PBXGroup;
			children = (
				985DD94C2B8FC3FA00559CE8 /* LoginView.swift */,
			);
			path = Login;
			sourceTree = "<group>";
		};
		986968DB2B86653100831E42 /* Intro */ = {
			isa = PBXGroup;
			children = (
				986968DE2B86659600831E42 /* IntroCellModel.swift */,
				986968E02B8665AD00831E42 /* IntroCell.swift */,
			);
			path = Intro;
			sourceTree = "<group>";
		};
		986968E22B8666A100831E42 /* Protocols */ = {
			isa = PBXGroup;
			children = (
				986968E32B8666B600831E42 /* ReusableView.swift */,
			);
			path = Protocols;
			sourceTree = "<group>";
		};
		987D9F542B83CACD007BE11B = {
			isa = PBXGroup;
			children = (
				987D9F5F2B83CACD007BE11B /* PlantClassification */,
				987D9F5E2B83CACD007BE11B /* Products */,
			);
			sourceTree = "<group>";
		};
		987D9F5E2B83CACD007BE11B /* Products */ = {
			isa = PBXGroup;
			children = (
				987D9F5D2B83CACD007BE11B /* PlantClassification.app */,
			);
			name = Products;
			sourceTree = "<group>";
		};
		987D9F5F2B83CACD007BE11B /* PlantClassification */ = {
			isa = PBXGroup;
			children = (
				987D9F742B83CED2007BE11B /* AppDelegate */,
				987D9F752B83CEE0007BE11B /* Scenes */,
				98D34E5F2B964DE800ACCBA6 /* Alert */,
				987D9F762B83CF05007BE11B /* UIComponents */,
				987D9F6B2B83CACF007BE11B /* LaunchScreen.storyboard */,
				987D9F6E2B83CACF007BE11B /* Info.plist */,
				988580B82B965D550018B6FE /* GoogleService-Info.plist */,
			);
			path = PlantClassification;
			sourceTree = "<group>";
		};
		987D9F742B83CED2007BE11B /* AppDelegate */ = {
			isa = PBXGroup;
			children = (
				987D9F602B83CACD007BE11B /* AppDelegate.swift */,
			);
			path = AppDelegate;
			sourceTree = "<group>";
		};
		987D9F752B83CEE0007BE11B /* Scenes */ = {
			isa = PBXGroup;
			children = (
				987D9F852B83D6CD007BE11B /* Base */,
				987D9F842B83D6C4007BE11B /* Intro */,
				985DD9402B8FB8B100559CE8 /* Auth */,
				988580B52B9659CA0018B6FE /* Main */,
			);
			path = Scenes;
			sourceTree = "<group>";
		};
		987D9F762B83CF05007BE11B /* UIComponents */ = {
			isa = PBXGroup;
			children = (
				986968E22B8666A100831E42 /* Protocols */,
				987D9F832B83D662007BE11B /* Extensions */,
				987D9F822B83D65B007BE11B /* Cell */,
				987D9F812B83D651007BE11B /* UIView */,
				987D9F772B83CF15007BE11B /* Resources */,
			);
			path = UIComponents;
			sourceTree = "<group>";
		};
		987D9F772B83CF15007BE11B /* Resources */ = {
			isa = PBXGroup;
			children = (
				987D9F792B83D605007BE11B /* Assets */,
				987D9F7A2B83D612007BE11B /* Strings */,
			);
			path = Resources;
			sourceTree = "<group>";
		};
		987D9F792B83D605007BE11B /* Assets */ = {
			isa = PBXGroup;
			children = (
				987D9F692B83CACF007BE11B /* Assets.xcassets */,
				987D9F7C2B83D63A007BE11B /* Images.xcassets */,
				987D9F7E2B83D641007BE11B /* Icons.xcassets */,
				987D9F8C2B83DA16007BE11B /* Colors.xcassets */,
			);
			path = Assets;
			sourceTree = "<group>";
		};
		987D9F7A2B83D612007BE11B /* Strings */ = {
			isa = PBXGroup;
			children = (
				987D9F8E2B83E41C007BE11B /* Localizable.strings */,
			);
			path = Strings;
			sourceTree = "<group>";
		};
		987D9F812B83D651007BE11B /* UIView */ = {
			isa = PBXGroup;
			children = (
				98331EAF2B90D3DE002D430F /* Register */,
				985DD94B2B8FBF5400559CE8 /* Login */,
			);
			path = UIView;
			sourceTree = "<group>";
		};
		987D9F822B83D65B007BE11B /* Cell */ = {
			isa = PBXGroup;
			children = (
				986968DB2B86653100831E42 /* Intro */,
			);
			path = Cell;
			sourceTree = "<group>";
		};
		987D9F832B83D662007BE11B /* Extensions */ = {
			isa = PBXGroup;
			children = (
				987D9F932B83F701007BE11B /* UIImage+Extensions.swift */,
				986968E52B866D2700831E42 /* Localizable+Extensions.swift */,
			);
			path = Extensions;
			sourceTree = "<group>";
		};
		987D9F842B83D6C4007BE11B /* Intro */ = {
			isa = PBXGroup;
			children = (
				986968D72B86649F00831E42 /* IntroViewModel.swift */,
				986968D92B8664B100831E42 /* IntroViewController.swift */,
			);
			path = Intro;
			sourceTree = "<group>";
		};
		987D9F852B83D6CD007BE11B /* Base */ = {
			isa = PBXGroup;
			children = (
				987D9F862B83D70E007BE11B /* BaseViewModel.swift */,
				987D9F882B83D7E9007BE11B /* BaseViewController.swift */,
				987D9F8A2B83D8C8007BE11B /* MainNavigationController.swift */,
			);
			path = Base;
			sourceTree = "<group>";
		};
		988580B52B9659CA0018B6FE /* Main */ = {
			isa = PBXGroup;
			children = (
				988580B62B9659DC0018B6FE /* MainViewController.swift */,
			);
			path = Main;
			sourceTree = "<group>";
		};
		98D34E5F2B964DE800ACCBA6 /* Alert */ = {
			isa = PBXGroup;
			children = (
				98D34E602B964DFF00ACCBA6 /* AlertManager.swift */,
			);
			path = Alert;
			sourceTree = "<group>";
		};
/* End PBXGroup section */

/* Begin PBXNativeTarget section */
		987D9F5C2B83CACD007BE11B /* PlantClassification */ = {
			isa = PBXNativeTarget;
			buildConfigurationList = 987D9F712B83CACF007BE11B /* Build configuration list for PBXNativeTarget "PlantClassification" */;
			buildPhases = (
				987D9F592B83CACD007BE11B /* Sources */,
				987D9F5A2B83CACD007BE11B /* Frameworks */,
				987D9F5B2B83CACD007BE11B /* Resources */,
			);
			buildRules = (
			);
			dependencies = (
			);
			name = PlantClassification;
			packageProductDependencies = (
				987D9F912B83F60F007BE11B /* TinyConstraints */,
				987D9F962B83F70F007BE11B /* Kingfisher */,
				988580BB2B965E160018B6FE /* FirebaseAnalytics */,
				988580BD2B965E160018B6FE /* FirebaseAnalyticsOnDeviceConversion */,
				988580BF2B965E160018B6FE /* FirebaseAnalyticsSwift */,
				988580C12B965E160018B6FE /* FirebaseAnalyticsWithoutAdIdSupport */,
				988580C32B965E160018B6FE /* FirebaseAppCheck */,
				988580C52B965E160018B6FE /* FirebaseAppDistribution-Beta */,
				988580C72B965E160018B6FE /* FirebaseAuth */,
				988580C92B965E160018B6FE /* FirebaseAuthCombine-Community */,
				988580CB2B965E160018B6FE /* FirebaseCrashlytics */,
				988580CD2B965E160018B6FE /* FirebaseDatabase */,
				988580CF2B965E160018B6FE /* FirebaseDatabaseSwift */,
				988580D12B965E160018B6FE /* FirebaseDynamicLinks */,
				988580D32B965E160018B6FE /* FirebaseFirestore */,
				988580D52B965E160018B6FE /* FirebaseFirestoreCombine-Community */,
				988580D72B965E160018B6FE /* FirebaseFirestoreSwift */,
				988580D92B965E160018B6FE /* FirebaseFunctions */,
				988580DB2B965E160018B6FE /* FirebaseFunctionsCombine-Community */,
				988580DD2B965E160018B6FE /* FirebaseInAppMessaging-Beta */,
				988580DF2B965E160018B6FE /* FirebaseInAppMessagingSwift-Beta */,
				988580E12B965E160018B6FE /* FirebaseInstallations */,
				988580E32B965E160018B6FE /* FirebaseMLModelDownloader */,
				988580E52B965E160018B6FE /* FirebaseMessaging */,
				988580E72B965E160018B6FE /* FirebasePerformance */,
				988580E92B965E160018B6FE /* FirebaseRemoteConfig */,
				988580EB2B965E160018B6FE /* FirebaseRemoteConfigSwift */,
				988580ED2B965E160018B6FE /* FirebaseStorage */,
				988580EF2B965E160018B6FE /* FirebaseStorageCombine-Community */,
				988580F22B965FD70018B6FE /* GoogleSignIn */,
				988580F42B965FD70018B6FE /* GoogleSignInSwift */,
			);
			productName = PlantClassification;
			productReference = 987D9F5D2B83CACD007BE11B /* PlantClassification.app */;
			productType = "com.apple.product-type.application";
		};
/* End PBXNativeTarget section */

/* Begin PBXProject section */
		987D9F552B83CACD007BE11B /* Project object */ = {
			isa = PBXProject;
			attributes = {
				BuildIndependentTargetsInParallel = 1;
				LastSwiftUpdateCheck = 1520;
				LastUpgradeCheck = 1520;
				TargetAttributes = {
					987D9F5C2B83CACD007BE11B = {
						CreatedOnToolsVersion = 15.2;
					};
				};
			};
			buildConfigurationList = 987D9F582B83CACD007BE11B /* Build configuration list for PBXProject "PlantClassification" */;
			compatibilityVersion = "Xcode 15.0";
			developmentRegion = en;
			hasScannedForEncodings = 0;
			knownRegions = (
				en,
				Base,
			);
			mainGroup = 987D9F542B83CACD007BE11B;
			packageReferences = (
				987D9F902B83F60F007BE11B /* XCRemoteSwiftPackageReference "TinyConstraints" */,
				987D9F952B83F70F007BE11B /* XCRemoteSwiftPackageReference "Kingfisher" */,
				988580BA2B965E160018B6FE /* XCRemoteSwiftPackageReference "firebase-ios-sdk" */,
				988580F12B965FD70018B6FE /* XCRemoteSwiftPackageReference "GoogleSignIn-iOS" */,
			);
			productRefGroup = 987D9F5E2B83CACD007BE11B /* Products */;
			projectDirPath = "";
			projectRoot = "";
			targets = (
				987D9F5C2B83CACD007BE11B /* PlantClassification */,
			);
		};
/* End PBXProject section */

/* Begin PBXResourcesBuildPhase section */
		987D9F5B2B83CACD007BE11B /* Resources */ = {
			isa = PBXResourcesBuildPhase;
			buildActionMask = 2147483647;
			files = (
				987D9F8D2B83DA16007BE11B /* Colors.xcassets in Resources */,
				987D9F8F2B83E41C007BE11B /* Localizable.strings in Resources */,
				987D9F7D2B83D63A007BE11B /* Images.xcassets in Resources */,
				987D9F6D2B83CACF007BE11B /* LaunchScreen.storyboard in Resources */,
				987D9F7F2B83D641007BE11B /* Icons.xcassets in Resources */,
				987D9F6A2B83CACF007BE11B /* Assets.xcassets in Resources */,
				988580B92B965D550018B6FE /* GoogleService-Info.plist in Resources */,
			);
			runOnlyForDeploymentPostprocessing = 0;
		};
/* End PBXResourcesBuildPhase section */

/* Begin PBXSourcesBuildPhase section */
		987D9F592B83CACD007BE11B /* Sources */ = {
			isa = PBXSourcesBuildPhase;
			buildActionMask = 2147483647;
			files = (
				986968E12B8665AD00831E42 /* IntroCell.swift in Sources */,
				986968DA2B8664B100831E42 /* IntroViewController.swift in Sources */,
				986968DF2B86659600831E42 /* IntroCellModel.swift in Sources */,
				985DD94D2B8FC3FA00559CE8 /* LoginView.swift in Sources */,
				987D9F8B2B83D8C8007BE11B /* MainNavigationController.swift in Sources */,
				988580B72B9659DC0018B6FE /* MainViewController.swift in Sources */,
				986968E62B866D2700831E42 /* Localizable+Extensions.swift in Sources */,
				986968E42B8666B600831E42 /* ReusableView.swift in Sources */,
				987D9F892B83D7E9007BE11B /* BaseViewController.swift in Sources */,
				98D34E612B964DFF00ACCBA6 /* AlertManager.swift in Sources */,
				987D9F942B83F701007BE11B /* UIImage+Extensions.swift in Sources */,
				98331EB12B90D449002D430F /* RegisterView.swift in Sources */,
				985DD9482B8FBA7200559CE8 /* RegisterViewModel.swift in Sources */,
				985DD9512B8FC54B00559CE8 /* LoginViewModel.swift in Sources */,
				985DD94A2B8FBA8200559CE8 /* RegisterViewController.swift in Sources */,
				987D9F872B83D70E007BE11B /* BaseViewModel.swift in Sources */,
				985DD94F2B8FC53F00559CE8 /* LoginViewController.swift in Sources */,
				987D9F612B83CACD007BE11B /* AppDelegate.swift in Sources */,
				986968D82B86649F00831E42 /* IntroViewModel.swift in Sources */,
			);
			runOnlyForDeploymentPostprocessing = 0;
		};
/* End PBXSourcesBuildPhase section */

/* Begin PBXVariantGroup section */
		987D9F6B2B83CACF007BE11B /* LaunchScreen.storyboard */ = {
			isa = PBXVariantGroup;
			children = (
				987D9F6C2B83CACF007BE11B /* Base */,
			);
			name = LaunchScreen.storyboard;
			sourceTree = "<group>";
		};
/* End PBXVariantGroup section */

/* Begin XCBuildConfiguration section */
		987D9F6F2B83CACF007BE11B /* Debug */ = {
			isa = XCBuildConfiguration;
			buildSettings = {
				ALWAYS_SEARCH_USER_PATHS = NO;
				ASSETCATALOG_COMPILER_GENERATE_SWIFT_ASSET_SYMBOL_EXTENSIONS = YES;
				CLANG_ANALYZER_NONNULL = YES;
				CLANG_ANALYZER_NUMBER_OBJECT_CONVERSION = YES_AGGRESSIVE;
				CLANG_CXX_LANGUAGE_STANDARD = "gnu++20";
				CLANG_ENABLE_MODULES = YES;
				CLANG_ENABLE_OBJC_ARC = YES;
				CLANG_ENABLE_OBJC_WEAK = YES;
				CLANG_WARN_BLOCK_CAPTURE_AUTORELEASING = YES;
				CLANG_WARN_BOOL_CONVERSION = YES;
				CLANG_WARN_COMMA = YES;
				CLANG_WARN_CONSTANT_CONVERSION = YES;
				CLANG_WARN_DEPRECATED_OBJC_IMPLEMENTATIONS = YES;
				CLANG_WARN_DIRECT_OBJC_ISA_USAGE = YES_ERROR;
				CLANG_WARN_DOCUMENTATION_COMMENTS = YES;
				CLANG_WARN_EMPTY_BODY = YES;
				CLANG_WARN_ENUM_CONVERSION = YES;
				CLANG_WARN_INFINITE_RECURSION = YES;
				CLANG_WARN_INT_CONVERSION = YES;
				CLANG_WARN_NON_LITERAL_NULL_CONVERSION = YES;
				CLANG_WARN_OBJC_IMPLICIT_RETAIN_SELF = YES;
				CLANG_WARN_OBJC_LITERAL_CONVERSION = YES;
				CLANG_WARN_OBJC_ROOT_CLASS = YES_ERROR;
				CLANG_WARN_QUOTED_INCLUDE_IN_FRAMEWORK_HEADER = YES;
				CLANG_WARN_RANGE_LOOP_ANALYSIS = YES;
				CLANG_WARN_STRICT_PROTOTYPES = YES;
				CLANG_WARN_SUSPICIOUS_MOVE = YES;
				CLANG_WARN_UNGUARDED_AVAILABILITY = YES_AGGRESSIVE;
				CLANG_WARN_UNREACHABLE_CODE = YES;
				CLANG_WARN__DUPLICATE_METHOD_MATCH = YES;
				COPY_PHASE_STRIP = NO;
				DEBUG_INFORMATION_FORMAT = dwarf;
				ENABLE_STRICT_OBJC_MSGSEND = YES;
				ENABLE_TESTABILITY = YES;
				ENABLE_USER_SCRIPT_SANDBOXING = YES;
				GCC_C_LANGUAGE_STANDARD = gnu17;
				GCC_DYNAMIC_NO_PIC = NO;
				GCC_NO_COMMON_BLOCKS = YES;
				GCC_OPTIMIZATION_LEVEL = 0;
				GCC_PREPROCESSOR_DEFINITIONS = (
					"DEBUG=1",
					"$(inherited)",
				);
				GCC_WARN_64_TO_32_BIT_CONVERSION = YES;
				GCC_WARN_ABOUT_RETURN_TYPE = YES_ERROR;
				GCC_WARN_UNDECLARED_SELECTOR = YES;
				GCC_WARN_UNINITIALIZED_AUTOS = YES_AGGRESSIVE;
				GCC_WARN_UNUSED_FUNCTION = YES;
				GCC_WARN_UNUSED_VARIABLE = YES;
				IPHONEOS_DEPLOYMENT_TARGET = 15.0;
				LOCALIZATION_PREFERS_STRING_CATALOGS = YES;
				MTL_ENABLE_DEBUG_INFO = INCLUDE_SOURCE;
				MTL_FAST_MATH = YES;
				ONLY_ACTIVE_ARCH = YES;
				SDKROOT = iphoneos;
				SWIFT_ACTIVE_COMPILATION_CONDITIONS = "DEBUG $(inherited)";
				SWIFT_OPTIMIZATION_LEVEL = "-Onone";
			};
			name = Debug;
		};
		987D9F702B83CACF007BE11B /* Release */ = {
			isa = XCBuildConfiguration;
			buildSettings = {
				ALWAYS_SEARCH_USER_PATHS = NO;
				ASSETCATALOG_COMPILER_GENERATE_SWIFT_ASSET_SYMBOL_EXTENSIONS = YES;
				CLANG_ANALYZER_NONNULL = YES;
				CLANG_ANALYZER_NUMBER_OBJECT_CONVERSION = YES_AGGRESSIVE;
				CLANG_CXX_LANGUAGE_STANDARD = "gnu++20";
				CLANG_ENABLE_MODULES = YES;
				CLANG_ENABLE_OBJC_ARC = YES;
				CLANG_ENABLE_OBJC_WEAK = YES;
				CLANG_WARN_BLOCK_CAPTURE_AUTORELEASING = YES;
				CLANG_WARN_BOOL_CONVERSION = YES;
				CLANG_WARN_COMMA = YES;
				CLANG_WARN_CONSTANT_CONVERSION = YES;
				CLANG_WARN_DEPRECATED_OBJC_IMPLEMENTATIONS = YES;
				CLANG_WARN_DIRECT_OBJC_ISA_USAGE = YES_ERROR;
				CLANG_WARN_DOCUMENTATION_COMMENTS = YES;
				CLANG_WARN_EMPTY_BODY = YES;
				CLANG_WARN_ENUM_CONVERSION = YES;
				CLANG_WARN_INFINITE_RECURSION = YES;
				CLANG_WARN_INT_CONVERSION = YES;
				CLANG_WARN_NON_LITERAL_NULL_CONVERSION = YES;
				CLANG_WARN_OBJC_IMPLICIT_RETAIN_SELF = YES;
				CLANG_WARN_OBJC_LITERAL_CONVERSION = YES;
				CLANG_WARN_OBJC_ROOT_CLASS = YES_ERROR;
				CLANG_WARN_QUOTED_INCLUDE_IN_FRAMEWORK_HEADER = YES;
				CLANG_WARN_RANGE_LOOP_ANALYSIS = YES;
				CLANG_WARN_STRICT_PROTOTYPES = YES;
				CLANG_WARN_SUSPICIOUS_MOVE = YES;
				CLANG_WARN_UNGUARDED_AVAILABILITY = YES_AGGRESSIVE;
				CLANG_WARN_UNREACHABLE_CODE = YES;
				CLANG_WARN__DUPLICATE_METHOD_MATCH = YES;
				COPY_PHASE_STRIP = NO;
				DEBUG_INFORMATION_FORMAT = "dwarf-with-dsym";
				ENABLE_NS_ASSERTIONS = NO;
				ENABLE_STRICT_OBJC_MSGSEND = YES;
				ENABLE_USER_SCRIPT_SANDBOXING = YES;
				GCC_C_LANGUAGE_STANDARD = gnu17;
				GCC_NO_COMMON_BLOCKS = YES;
				GCC_WARN_64_TO_32_BIT_CONVERSION = YES;
				GCC_WARN_ABOUT_RETURN_TYPE = YES_ERROR;
				GCC_WARN_UNDECLARED_SELECTOR = YES;
				GCC_WARN_UNINITIALIZED_AUTOS = YES_AGGRESSIVE;
				GCC_WARN_UNUSED_FUNCTION = YES;
				GCC_WARN_UNUSED_VARIABLE = YES;
				IPHONEOS_DEPLOYMENT_TARGET = 15.0;
				LOCALIZATION_PREFERS_STRING_CATALOGS = YES;
				MTL_ENABLE_DEBUG_INFO = NO;
				MTL_FAST_MATH = YES;
				SDKROOT = iphoneos;
				SWIFT_COMPILATION_MODE = wholemodule;
				VALIDATE_PRODUCT = YES;
			};
			name = Release;
		};
		987D9F722B83CACF007BE11B /* Debug */ = {
			isa = XCBuildConfiguration;
			buildSettings = {
				ASSETCATALOG_COMPILER_APPICON_NAME = AppIcon;
				ASSETCATALOG_COMPILER_GLOBAL_ACCENT_COLOR_NAME = AccentColor;
				CODE_SIGN_STYLE = Automatic;
				CURRENT_PROJECT_VERSION = 1;
				DEVELOPMENT_TEAM = 66C8Q7ZLNJ;
				GENERATE_INFOPLIST_FILE = YES;
				INFOPLIST_FILE = PlantClassification/Info.plist;
				INFOPLIST_KEY_CFBundleDisplayName = "Plant Palette";
				INFOPLIST_KEY_UIApplicationSupportsIndirectInputEvents = YES;
				INFOPLIST_KEY_UILaunchStoryboardName = LaunchScreen;
				INFOPLIST_KEY_UISupportedInterfaceOrientations_iPad = "UIInterfaceOrientationPortrait UIInterfaceOrientationPortraitUpsideDown UIInterfaceOrientationLandscapeLeft UIInterfaceOrientationLandscapeRight";
				INFOPLIST_KEY_UISupportedInterfaceOrientations_iPhone = "UIInterfaceOrientationPortrait UIInterfaceOrientationLandscapeLeft UIInterfaceOrientationLandscapeRight";
				IPHONEOS_DEPLOYMENT_TARGET = 15.0;
				LD_RUNPATH_SEARCH_PATHS = (
					"$(inherited)",
					"@executable_path/Frameworks",
				);
				MARKETING_VERSION = 1.0;
				PRODUCT_BUNDLE_IDENTIFIER = info.PlantClassification;
				PRODUCT_NAME = "$(TARGET_NAME)";
				SWIFT_EMIT_LOC_STRINGS = YES;
				SWIFT_VERSION = 5.0;
				TARGETED_DEVICE_FAMILY = "1,2";
			};
			name = Debug;
		};
		987D9F732B83CACF007BE11B /* Release */ = {
			isa = XCBuildConfiguration;
			buildSettings = {
				ASSETCATALOG_COMPILER_APPICON_NAME = AppIcon;
				ASSETCATALOG_COMPILER_GLOBAL_ACCENT_COLOR_NAME = AccentColor;
				CODE_SIGN_STYLE = Automatic;
				CURRENT_PROJECT_VERSION = 1;
				DEVELOPMENT_TEAM = 66C8Q7ZLNJ;
				GENERATE_INFOPLIST_FILE = YES;
				INFOPLIST_FILE = PlantClassification/Info.plist;
				INFOPLIST_KEY_CFBundleDisplayName = "Plant Palette";
				INFOPLIST_KEY_UIApplicationSupportsIndirectInputEvents = YES;
				INFOPLIST_KEY_UILaunchStoryboardName = LaunchScreen;
				INFOPLIST_KEY_UISupportedInterfaceOrientations_iPad = "UIInterfaceOrientationPortrait UIInterfaceOrientationPortraitUpsideDown UIInterfaceOrientationLandscapeLeft UIInterfaceOrientationLandscapeRight";
				INFOPLIST_KEY_UISupportedInterfaceOrientations_iPhone = "UIInterfaceOrientationPortrait UIInterfaceOrientationLandscapeLeft UIInterfaceOrientationLandscapeRight";
				IPHONEOS_DEPLOYMENT_TARGET = 15.0;
				LD_RUNPATH_SEARCH_PATHS = (
					"$(inherited)",
					"@executable_path/Frameworks",
				);
				MARKETING_VERSION = 1.0;
				PRODUCT_BUNDLE_IDENTIFIER = info.PlantClassification;
				PRODUCT_NAME = "$(TARGET_NAME)";
				SWIFT_EMIT_LOC_STRINGS = YES;
				SWIFT_VERSION = 5.0;
				TARGETED_DEVICE_FAMILY = "1,2";
			};
			name = Release;
		};
/* End XCBuildConfiguration section */

/* Begin XCConfigurationList section */
		987D9F582B83CACD007BE11B /* Build configuration list for PBXProject "PlantClassification" */ = {
			isa = XCConfigurationList;
			buildConfigurations = (
				987D9F6F2B83CACF007BE11B /* Debug */,
				987D9F702B83CACF007BE11B /* Release */,
			);
			defaultConfigurationIsVisible = 0;
			defaultConfigurationName = Release;
		};
		987D9F712B83CACF007BE11B /* Build configuration list for PBXNativeTarget "PlantClassification" */ = {
			isa = XCConfigurationList;
			buildConfigurations = (
				987D9F722B83CACF007BE11B /* Debug */,
				987D9F732B83CACF007BE11B /* Release */,
			);
			defaultConfigurationIsVisible = 0;
			defaultConfigurationName = Release;
		};
/* End XCConfigurationList section */

/* Begin XCRemoteSwiftPackageReference section */
		987D9F902B83F60F007BE11B /* XCRemoteSwiftPackageReference "TinyConstraints" */ = {
			isa = XCRemoteSwiftPackageReference;
			repositoryURL = "https://github.com/roberthein/TinyConstraints.git";
			requirement = {
				kind = upToNextMajorVersion;
				minimumVersion = 4.0.2;
			};
		};
		987D9F952B83F70F007BE11B /* XCRemoteSwiftPackageReference "Kingfisher" */ = {
			isa = XCRemoteSwiftPackageReference;
			repositoryURL = "https://github.com/onevcat/Kingfisher.git";
			requirement = {
				kind = upToNextMajorVersion;
				minimumVersion = 7.11.0;
			};
		};
		988580BA2B965E160018B6FE /* XCRemoteSwiftPackageReference "firebase-ios-sdk" */ = {
			isa = XCRemoteSwiftPackageReference;
			repositoryURL = "https://github.com/firebase/firebase-ios-sdk.git";
			requirement = {
				kind = upToNextMajorVersion;
				minimumVersion = 10.22.0;
			};
		};
		988580F12B965FD70018B6FE /* XCRemoteSwiftPackageReference "GoogleSignIn-iOS" */ = {
			isa = XCRemoteSwiftPackageReference;
			repositoryURL = "https://github.com/google/GoogleSignIn-iOS";
			requirement = {
				kind = upToNextMajorVersion;
				minimumVersion = 7.0.0;
			};
		};
/* End XCRemoteSwiftPackageReference section */

/* Begin XCSwiftPackageProductDependency section */
		987D9F912B83F60F007BE11B /* TinyConstraints */ = {
			isa = XCSwiftPackageProductDependency;
			package = 987D9F902B83F60F007BE11B /* XCRemoteSwiftPackageReference "TinyConstraints" */;
			productName = TinyConstraints;
		};
		987D9F962B83F70F007BE11B /* Kingfisher */ = {
			isa = XCSwiftPackageProductDependency;
			package = 987D9F952B83F70F007BE11B /* XCRemoteSwiftPackageReference "Kingfisher" */;
			productName = Kingfisher;
		};
		988580BB2B965E160018B6FE /* FirebaseAnalytics */ = {
			isa = XCSwiftPackageProductDependency;
			package = 988580BA2B965E160018B6FE /* XCRemoteSwiftPackageReference "firebase-ios-sdk" */;
			productName = FirebaseAnalytics;
		};
		988580BD2B965E160018B6FE /* FirebaseAnalyticsOnDeviceConversion */ = {
			isa = XCSwiftPackageProductDependency;
			package = 988580BA2B965E160018B6FE /* XCRemoteSwiftPackageReference "firebase-ios-sdk" */;
			productName = FirebaseAnalyticsOnDeviceConversion;
		};
		988580BF2B965E160018B6FE /* FirebaseAnalyticsSwift */ = {
			isa = XCSwiftPackageProductDependency;
			package = 988580BA2B965E160018B6FE /* XCRemoteSwiftPackageReference "firebase-ios-sdk" */;
			productName = FirebaseAnalyticsSwift;
		};
		988580C12B965E160018B6FE /* FirebaseAnalyticsWithoutAdIdSupport */ = {
			isa = XCSwiftPackageProductDependency;
			package = 988580BA2B965E160018B6FE /* XCRemoteSwiftPackageReference "firebase-ios-sdk" */;
			productName = FirebaseAnalyticsWithoutAdIdSupport;
		};
		988580C32B965E160018B6FE /* FirebaseAppCheck */ = {
			isa = XCSwiftPackageProductDependency;
			package = 988580BA2B965E160018B6FE /* XCRemoteSwiftPackageReference "firebase-ios-sdk" */;
			productName = FirebaseAppCheck;
		};
		988580C52B965E160018B6FE /* FirebaseAppDistribution-Beta */ = {
			isa = XCSwiftPackageProductDependency;
			package = 988580BA2B965E160018B6FE /* XCRemoteSwiftPackageReference "firebase-ios-sdk" */;
			productName = "FirebaseAppDistribution-Beta";
		};
		988580C72B965E160018B6FE /* FirebaseAuth */ = {
			isa = XCSwiftPackageProductDependency;
			package = 988580BA2B965E160018B6FE /* XCRemoteSwiftPackageReference "firebase-ios-sdk" */;
			productName = FirebaseAuth;
		};
		988580C92B965E160018B6FE /* FirebaseAuthCombine-Community */ = {
			isa = XCSwiftPackageProductDependency;
			package = 988580BA2B965E160018B6FE /* XCRemoteSwiftPackageReference "firebase-ios-sdk" */;
			productName = "FirebaseAuthCombine-Community";
		};
		988580CB2B965E160018B6FE /* FirebaseCrashlytics */ = {
			isa = XCSwiftPackageProductDependency;
			package = 988580BA2B965E160018B6FE /* XCRemoteSwiftPackageReference "firebase-ios-sdk" */;
			productName = FirebaseCrashlytics;
		};
		988580CD2B965E160018B6FE /* FirebaseDatabase */ = {
			isa = XCSwiftPackageProductDependency;
			package = 988580BA2B965E160018B6FE /* XCRemoteSwiftPackageReference "firebase-ios-sdk" */;
			productName = FirebaseDatabase;
		};
		988580CF2B965E160018B6FE /* FirebaseDatabaseSwift */ = {
			isa = XCSwiftPackageProductDependency;
			package = 988580BA2B965E160018B6FE /* XCRemoteSwiftPackageReference "firebase-ios-sdk" */;
			productName = FirebaseDatabaseSwift;
		};
		988580D12B965E160018B6FE /* FirebaseDynamicLinks */ = {
			isa = XCSwiftPackageProductDependency;
			package = 988580BA2B965E160018B6FE /* XCRemoteSwiftPackageReference "firebase-ios-sdk" */;
			productName = FirebaseDynamicLinks;
		};
		988580D32B965E160018B6FE /* FirebaseFirestore */ = {
			isa = XCSwiftPackageProductDependency;
			package = 988580BA2B965E160018B6FE /* XCRemoteSwiftPackageReference "firebase-ios-sdk" */;
			productName = FirebaseFirestore;
		};
		988580D52B965E160018B6FE /* FirebaseFirestoreCombine-Community */ = {
			isa = XCSwiftPackageProductDependency;
			package = 988580BA2B965E160018B6FE /* XCRemoteSwiftPackageReference "firebase-ios-sdk" */;
			productName = "FirebaseFirestoreCombine-Community";
		};
		988580D72B965E160018B6FE /* FirebaseFirestoreSwift */ = {
			isa = XCSwiftPackageProductDependency;
			package = 988580BA2B965E160018B6FE /* XCRemoteSwiftPackageReference "firebase-ios-sdk" */;
			productName = FirebaseFirestoreSwift;
		};
		988580D92B965E160018B6FE /* FirebaseFunctions */ = {
			isa = XCSwiftPackageProductDependency;
			package = 988580BA2B965E160018B6FE /* XCRemoteSwiftPackageReference "firebase-ios-sdk" */;
			productName = FirebaseFunctions;
		};
		988580DB2B965E160018B6FE /* FirebaseFunctionsCombine-Community */ = {
			isa = XCSwiftPackageProductDependency;
			package = 988580BA2B965E160018B6FE /* XCRemoteSwiftPackageReference "firebase-ios-sdk" */;
			productName = "FirebaseFunctionsCombine-Community";
		};
		988580DD2B965E160018B6FE /* FirebaseInAppMessaging-Beta */ = {
			isa = XCSwiftPackageProductDependency;
			package = 988580BA2B965E160018B6FE /* XCRemoteSwiftPackageReference "firebase-ios-sdk" */;
			productName = "FirebaseInAppMessaging-Beta";
		};
		988580DF2B965E160018B6FE /* FirebaseInAppMessagingSwift-Beta */ = {
			isa = XCSwiftPackageProductDependency;
			package = 988580BA2B965E160018B6FE /* XCRemoteSwiftPackageReference "firebase-ios-sdk" */;
			productName = "FirebaseInAppMessagingSwift-Beta";
		};
		988580E12B965E160018B6FE /* FirebaseInstallations */ = {
			isa = XCSwiftPackageProductDependency;
			package = 988580BA2B965E160018B6FE /* XCRemoteSwiftPackageReference "firebase-ios-sdk" */;
			productName = FirebaseInstallations;
		};
		988580E32B965E160018B6FE /* FirebaseMLModelDownloader */ = {
			isa = XCSwiftPackageProductDependency;
			package = 988580BA2B965E160018B6FE /* XCRemoteSwiftPackageReference "firebase-ios-sdk" */;
			productName = FirebaseMLModelDownloader;
		};
		988580E52B965E160018B6FE /* FirebaseMessaging */ = {
			isa = XCSwiftPackageProductDependency;
			package = 988580BA2B965E160018B6FE /* XCRemoteSwiftPackageReference "firebase-ios-sdk" */;
			productName = FirebaseMessaging;
		};
		988580E72B965E160018B6FE /* FirebasePerformance */ = {
			isa = XCSwiftPackageProductDependency;
			package = 988580BA2B965E160018B6FE /* XCRemoteSwiftPackageReference "firebase-ios-sdk" */;
			productName = FirebasePerformance;
		};
		988580E92B965E160018B6FE /* FirebaseRemoteConfig */ = {
			isa = XCSwiftPackageProductDependency;
			package = 988580BA2B965E160018B6FE /* XCRemoteSwiftPackageReference "firebase-ios-sdk" */;
			productName = FirebaseRemoteConfig;
		};
		988580EB2B965E160018B6FE /* FirebaseRemoteConfigSwift */ = {
			isa = XCSwiftPackageProductDependency;
			package = 988580BA2B965E160018B6FE /* XCRemoteSwiftPackageReference "firebase-ios-sdk" */;
			productName = FirebaseRemoteConfigSwift;
		};
		988580ED2B965E160018B6FE /* FirebaseStorage */ = {
			isa = XCSwiftPackageProductDependency;
			package = 988580BA2B965E160018B6FE /* XCRemoteSwiftPackageReference "firebase-ios-sdk" */;
			productName = FirebaseStorage;
		};
		988580EF2B965E160018B6FE /* FirebaseStorageCombine-Community */ = {
			isa = XCSwiftPackageProductDependency;
			package = 988580BA2B965E160018B6FE /* XCRemoteSwiftPackageReference "firebase-ios-sdk" */;
			productName = "FirebaseStorageCombine-Community";
		};
		988580F22B965FD70018B6FE /* GoogleSignIn */ = {
			isa = XCSwiftPackageProductDependency;
			package = 988580F12B965FD70018B6FE /* XCRemoteSwiftPackageReference "GoogleSignIn-iOS" */;
			productName = GoogleSignIn;
		};
		988580F42B965FD70018B6FE /* GoogleSignInSwift */ = {
			isa = XCSwiftPackageProductDependency;
			package = 988580F12B965FD70018B6FE /* XCRemoteSwiftPackageReference "GoogleSignIn-iOS" */;
			productName = GoogleSignInSwift;
		};
/* End XCSwiftPackageProductDependency section */
	};
	rootObject = 987D9F552B83CACD007BE11B /* Project object */;
}
